
Microsoft Visual Studio Solution File, Format Version 12.00
# Visual Studio Version 16
VisualStudioVersion = 16.0.30804.86
MinimumVisualStudioVersion = 10.0.40219.1
Project("{FAE04EC0-301F-11D3-BF4B-00C04F79EFBC}") = "BookStoreSolution.WebApp", "BookStoreSolution.WebApp\BookStoreSolution.WebApp.csproj", "{01178CEC-7AAB-4B39-91A3-13384F90066C}"
EndProject
Project("{FAE04EC0-301F-11D3-BF4B-00C04F79EFBC}") = "BookStoreSolution.Data", "BookStoreSolution.Data\BookStoreSolution.Data.csproj", "{55A1A936-14F0-4D57-8058-B692026F3848}"
EndProject
Global
	GlobalSection(SolutionConfigurationPlatforms) = preSolution
		Debug|Any CPU = Debug|Any CPU
		Release|Any CPU = Release|Any CPU
	EndGlobalSection
	GlobalSection(ProjectConfigurationPlatforms) = postSolution
		{01178CEC-7AAB-4B39-91A3-13384F90066C}.Debug|Any CPU.ActiveCfg = Debug|Any CPU
		{01178CEC-7AAB-4B39-91A3-13384F90066C}.Debug|Any CPU.Build.0 = Debug|Any CPU
		{01178CEC-7AAB-4B39-91A3-13384F90066C}.Release|Any CPU.ActiveCfg = Release|Any CPU
		{01178CEC-7AAB-4B39-91A3-13384F90066C}.Release|Any CPU.Build.0 = Release|Any CPU
		{55A1A936-14F0-4D57-8058-B692026F3848}.Debug|Any CPU.ActiveCfg = Debug|Any CPU
		{55A1A936-14F0-4D57-8058-B692026F3848}.Debug|Any CPU.Build.0 = Debug|Any CPU
		{55A1A936-14F0-4D57-8058-B692026F3848}.Release|Any CPU.ActiveCfg = Release|Any CPU
		{55A1A936-14F0-4D57-8058-B692026F3848}.Release|Any CPU.Build.0 = Release|Any CPU
	EndGlobalSection
	GlobalSection(SolutionProperties) = preSolution
		HideSolutionNode = FALSE
	EndGlobalSection
	GlobalSection(ExtensibilityGlobals) = postSolution
		SolutionGuid = {E5C587D9-F8A6-43C7-B56E-2FAD1E92726F}
	EndGlobalSection
EndGlobal
